
Microsoft Visual Studio Solution File, Format Version 12.00
# Visual Studio Version 17
VisualStudioVersion = 17.8.34322.80
MinimumVisualStudioVersion = 10.0.40219.1
Project("{FAE04EC0-301F-11D3-BF4B-00C04F79EFBC}") = "El_Almacen", "El_Almacen.csproj", "{783808D0-2646-4440-817C-42B55F2EE793}"
EndProject
Global
	GlobalSection(SolutionConfigurationPlatforms) = preSolution
		Debug|Any CPU = Debug|Any CPU
		Release|Any CPU = Release|Any CPU
	EndGlobalSection
	GlobalSection(ProjectConfigurationPlatforms) = postSolution
		{783808D0-2646-4440-817C-42B55F2EE793}.Debug|Any CPU.ActiveCfg = Debug|Any CPU
		{783808D0-2646-4440-817C-42B55F2EE793}.Debug|Any CPU.Build.0 = Debug|Any CPU
		{783808D0-2646-4440-817C-42B55F2EE793}.Release|Any CPU.ActiveCfg = Release|Any CPU
		{783808D0-2646-4440-817C-42B55F2EE793}.Release|Any CPU.Build.0 = Release|Any CPU
	EndGlobalSection
	GlobalSection(SolutionProperties) = preSolution
		HideSolutionNode = FALSE
	EndGlobalSection
	GlobalSection(ExtensibilityGlobals) = postSolution
		SolutionGuid = {A53B98E8-40E8-4F30-8DB3-4967B38C4F5B}
	EndGlobalSection
EndGlobal
